
Microsoft Visual Studio Solution File, Format Version 12.00
# Visual Studio Version 16
VisualStudioVersion = 16.0.30413.136
MinimumVisualStudioVersion = 10.0.40219.1
Project("{8BC9CEB8-8B4A-11D0-8D11-00A0C91BC942}") = "lab1", "Programm\Programm.vcxproj", "{FCF741DE-6F25-4865-9680-79F2BEC4D552}"
EndProject
Project("{8BC9CEB8-8B4A-11D0-8D11-00A0C91BC942}") = "lab2", "lab2\lab2.vcxproj", "{01E1CC4F-3CE8-46E8-B659-940DE58EA292}"
EndProject
Project("{8BC9CEB8-8B4A-11D0-8D11-00A0C91BC942}") = "lab3.1", "lab3\lab3.vcxproj", "{27FEBCED-D3F8-48E9-82A7-876913A8FEB3}"
EndProject
Project("{8BC9CEB8-8B4A-11D0-8D11-00A0C91BC942}") = "lab3.2", "lab3.2\lab3.2.vcxproj", "{838540DF-E111-4129-8DA1-19B933A74848}"
EndProject
Project("{8BC9CEB8-8B4A-11D0-8D11-00A0C91BC942}") = "lab3.3", "lab3.3\lab3.3.vcxproj", "{7C09A825-7258-4230-B0AF-19D5FFB6326B}"
EndProject
Project("{8BC9CEB8-8B4A-11D0-8D11-00A0C91BC942}") = "lab4.1", "lab4.1\lab4.1.vcxproj", "{2DB46A99-54B1-40EB-9033-6A1CFF808207}"
EndProject
Project("{8BC9CEB8-8B4A-11D0-8D11-00A0C91BC942}") = "lab4.2", "lab4.2\lab4.2.vcxproj", "{36D3E413-14F7-462F-9F5B-78AE49B9AFCD}"
EndProject
Global
	GlobalSection(SolutionConfigurationPlatforms) = preSolution
		Debug|x64 = Debug|x64
		Debug|x86 = Debug|x86
		Release|x64 = Release|x64
		Release|x86 = Release|x86
	EndGlobalSection
	GlobalSection(ProjectConfigurationPlatforms) = postSolution
		{FCF741DE-6F25-4865-9680-79F2BEC4D552}.Debug|x64.ActiveCfg = Debug|x64
		{FCF741DE-6F25-4865-9680-79F2BEC4D552}.Debug|x64.Build.0 = Debug|x64
		{FCF741DE-6F25-4865-9680-79F2BEC4D552}.Debug|x86.ActiveCfg = Debug|Win32
		{FCF741DE-6F25-4865-9680-79F2BEC4D552}.Debug|x86.Build.0 = Debug|Win32
		{FCF741DE-6F25-4865-9680-79F2BEC4D552}.Release|x64.ActiveCfg = Release|x64
		{FCF741DE-6F25-4865-9680-79F2BEC4D552}.Release|x64.Build.0 = Release|x64
		{FCF741DE-6F25-4865-9680-79F2BEC4D552}.Release|x86.ActiveCfg = Release|Win32
		{FCF741DE-6F25-4865-9680-79F2BEC4D552}.Release|x86.Build.0 = Release|Win32
		{01E1CC4F-3CE8-46E8-B659-940DE58EA292}.Debug|x64.ActiveCfg = Debug|x64
		{01E1CC4F-3CE8-46E8-B659-940DE58EA292}.Debug|x64.Build.0 = Debug|x64
		{01E1CC4F-3CE8-46E8-B659-940DE58EA292}.Debug|x86.ActiveCfg = Debug|Win32
		{01E1CC4F-3CE8-46E8-B659-940DE58EA292}.Debug|x86.Build.0 = Debug|Win32
		{01E1CC4F-3CE8-46E8-B659-940DE58EA292}.Release|x64.ActiveCfg = Release|x64
		{01E1CC4F-3CE8-46E8-B659-940DE58EA292}.Release|x64.Build.0 = Release|x64
		{01E1CC4F-3CE8-46E8-B659-940DE58EA292}.Release|x86.ActiveCfg = Release|Win32
		{01E1CC4F-3CE8-46E8-B659-940DE58EA292}.Release|x86.Build.0 = Release|Win32
		{27FEBCED-D3F8-48E9-82A7-876913A8FEB3}.Debug|x64.ActiveCfg = Debug|x64
		{27FEBCED-D3F8-48E9-82A7-876913A8FEB3}.Debug|x64.Build.0 = Debug|x64
		{27FEBCED-D3F8-48E9-82A7-876913A8FEB3}.Debug|x86.ActiveCfg = Debug|Win32
		{27FEBCED-D3F8-48E9-82A7-876913A8FEB3}.Debug|x86.Build.0 = Debug|Win32
		{27FEBCED-D3F8-48E9-82A7-876913A8FEB3}.Release|x64.ActiveCfg = Release|x64
		{27FEBCED-D3F8-48E9-82A7-876913A8FEB3}.Release|x64.Build.0 = Release|x64
		{27FEBCED-D3F8-48E9-82A7-876913A8FEB3}.Release|x86.ActiveCfg = Release|Win32
		{27FEBCED-D3F8-48E9-82A7-876913A8FEB3}.Release|x86.Build.0 = Release|Win32
		{838540DF-E111-4129-8DA1-19B933A74848}.Debug|x64.ActiveCfg = Debug|x64
		{838540DF-E111-4129-8DA1-19B933A74848}.Debug|x64.Build.0 = Debug|x64
		{838540DF-E111-4129-8DA1-19B933A74848}.Debug|x86.ActiveCfg = Debug|Win32
		{838540DF-E111-4129-8DA1-19B933A74848}.Debug|x86.Build.0 = Debug|Win32
		{838540DF-E111-4129-8DA1-19B933A74848}.Release|x64.ActiveCfg = Release|x64
		{838540DF-E111-4129-8DA1-19B933A74848}.Release|x64.Build.0 = Release|x64
		{838540DF-E111-4129-8DA1-19B933A74848}.Release|x86.ActiveCfg = Release|Win32
		{838540DF-E111-4129-8DA1-19B933A74848}.Release|x86.Build.0 = Release|Win32
		{7C09A825-7258-4230-B0AF-19D5FFB6326B}.Debug|x64.ActiveCfg = Debug|x64
		{7C09A825-7258-4230-B0AF-19D5FFB6326B}.Debug|x64.Build.0 = Debug|x64
		{7C09A825-7258-4230-B0AF-19D5FFB6326B}.Debug|x86.ActiveCfg = Debug|Win32
		{7C09A825-7258-4230-B0AF-19D5FFB6326B}.Debug|x86.Build.0 = Debug|Win32
		{7C09A825-7258-4230-B0AF-19D5FFB6326B}.Release|x64.ActiveCfg = Release|x64
		{7C09A825-7258-4230-B0AF-19D5FFB6326B}.Release|x64.Build.0 = Release|x64
		{7C09A825-7258-4230-B0AF-19D5FFB6326B}.Release|x86.ActiveCfg = Release|Win32
		{7C09A825-7258-4230-B0AF-19D5FFB6326B}.Release|x86.Build.0 = Release|Win32
		{2DB46A99-54B1-40EB-9033-6A1CFF808207}.Debug|x64.ActiveCfg = Debug|x64
		{2DB46A99-54B1-40EB-9033-6A1CFF808207}.Debug|x64.Build.0 = Debug|x64
		{2DB46A99-54B1-40EB-9033-6A1CFF808207}.Debug|x86.ActiveCfg = Debug|Win32
		{2DB46A99-54B1-40EB-9033-6A1CFF808207}.Debug|x86.Build.0 = Debug|Win32
		{2DB46A99-54B1-40EB-9033-6A1CFF808207}.Release|x64.ActiveCfg = Release|x64
		{2DB46A99-54B1-40EB-9033-6A1CFF808207}.Release|x64.Build.0 = Release|x64
		{2DB46A99-54B1-40EB-9033-6A1CFF808207}.Release|x86.ActiveCfg = Release|Win32
		{2DB46A99-54B1-40EB-9033-6A1CFF808207}.Release|x86.Build.0 = Release|Win32
		{36D3E413-14F7-462F-9F5B-78AE49B9AFCD}.Debug|x64.ActiveCfg = Debug|x64
		{36D3E413-14F7-462F-9F5B-78AE49B9AFCD}.Debug|x64.Build.0 = Debug|x64
		{36D3E413-14F7-462F-9F5B-78AE49B9AFCD}.Debug|x86.ActiveCfg = Debug|Win32
		{36D3E413-14F7-462F-9F5B-78AE49B9AFCD}.Debug|x86.Build.0 = Debug|Win32
		{36D3E413-14F7-462F-9F5B-78AE49B9AFCD}.Release|x64.ActiveCfg = Release|x64
		{36D3E413-14F7-462F-9F5B-78AE49B9AFCD}.Release|x64.Build.0 = Release|x64
		{36D3E413-14F7-462F-9F5B-78AE49B9AFCD}.Release|x86.ActiveCfg = Release|Win32
		{36D3E413-14F7-462F-9F5B-78AE49B9AFCD}.Release|x86.Build.0 = Release|Win32
	EndGlobalSection
	GlobalSection(SolutionProperties) = preSolution
		HideSolutionNode = FALSE
	EndGlobalSection
	GlobalSection(ExtensibilityGlobals) = postSolution
		SolutionGuid = {AAEA9139-DA15-444C-8895-2652AC7B0ECB}
	EndGlobalSection
EndGlobal
